
Microsoft Visual Studio Solution File, Format Version 12.00
# Visual Studio Version 17
VisualStudioVersion = 17.3.32922.545
MinimumVisualStudioVersion = 10.0.40219.1
Project("{2150E333-8FDC-42A3-9474-1A3956D46DE8}") = "Doc", "Doc", "{A2283F58-9551-4F35-AB88-84EE93C94E53}"
EndProject
Project("{2150E333-8FDC-42A3-9474-1A3956D46DE8}") = "Src", "Src", "{D134764B-E0B9-475C-BBC9-41600D88260F}"
EndProject
Project("{2150E333-8FDC-42A3-9474-1A3956D46DE8}") = "Test", "Test", "{D34EBFC9-F67C-407A-B8AF-73C27F9C3677}"
EndProject
Project("{2150E333-8FDC-42A3-9474-1A3956D46DE8}") = "Core", "Core", "{A1A63DDA-0CFD-456A-9D38-43EA408F44BD}"
EndProject
Project("{2150E333-8FDC-42A3-9474-1A3956D46DE8}") = "Common", "Common", "{96A874CE-A599-4632-B6AB-D6B8D6D3880B}"
EndProject
Project("{2150E333-8FDC-42A3-9474-1A3956D46DE8}") = "Infrastructure", "Infrastructure", "{4DC6492B-ABE5-4081-AF1A-79349F64D933}"
EndProject
Project("{2150E333-8FDC-42A3-9474-1A3956D46DE8}") = "Presentation", "Presentation", "{B3C0F0BA-8E78-45DB-94CF-1F83065EADD1}"
EndProject
Project("{9A19103F-16F7-4668-BE54-9A1E7A4F7556}") = "Store_Test.Domain", "Store_Test.Domain\Store_Test.Domain.csproj", "{7EEBA627-9998-41E1-A441-469031388CAF}"
EndProject
Project("{9A19103F-16F7-4668-BE54-9A1E7A4F7556}") = "Store_Test.Application", "Store_Test.Application\Store_Test.Application.csproj", "{F4DCE124-29D4-4FC5-AEDD-77874038D43F}"
EndProject
Project("{9A19103F-16F7-4668-BE54-9A1E7A4F7556}") = "Store_Test.Infrastructure", "Store_Test.Infrastructure\Store_Test.Infrastructure.csproj", "{6AFE63A2-55CC-469C-BF3A-01BC263C873E}"
EndProject
Project("{9A19103F-16F7-4668-BE54-9A1E7A4F7556}") = "Store_Test.Persistence", "Store_Test.Persistence\Store_Test.Persistence.csproj", "{320A67C1-CE9C-4C85-82FB-BCEE1B91F380}"
EndProject
Project("{9A19103F-16F7-4668-BE54-9A1E7A4F7556}") = "Store_Test.Common", "Store_Test.Common\Store_Test.Common.csproj", "{4AC10A40-A859-431B-B09D-3969E5D53078}"
EndProject
Project("{9A19103F-16F7-4668-BE54-9A1E7A4F7556}") = "EndPoint.Site", "EndPoint.Site\EndPoint.Site.csproj", "{B43B27B9-FB73-4970-BB73-25AE34116CBC}"
EndProject
Global
	GlobalSection(SolutionConfigurationPlatforms) = preSolution
		Debug|Any CPU = Debug|Any CPU
		Release|Any CPU = Release|Any CPU
	EndGlobalSection
	GlobalSection(ProjectConfigurationPlatforms) = postSolution
		{7EEBA627-9998-41E1-A441-469031388CAF}.Debug|Any CPU.ActiveCfg = Debug|Any CPU
		{7EEBA627-9998-41E1-A441-469031388CAF}.Debug|Any CPU.Build.0 = Debug|Any CPU
		{7EEBA627-9998-41E1-A441-469031388CAF}.Release|Any CPU.ActiveCfg = Release|Any CPU
		{7EEBA627-9998-41E1-A441-469031388CAF}.Release|Any CPU.Build.0 = Release|Any CPU
		{F4DCE124-29D4-4FC5-AEDD-77874038D43F}.Debug|Any CPU.ActiveCfg = Debug|Any CPU
		{F4DCE124-29D4-4FC5-AEDD-77874038D43F}.Debug|Any CPU.Build.0 = Debug|Any CPU
		{F4DCE124-29D4-4FC5-AEDD-77874038D43F}.Release|Any CPU.ActiveCfg = Release|Any CPU
		{F4DCE124-29D4-4FC5-AEDD-77874038D43F}.Release|Any CPU.Build.0 = Release|Any CPU
		{6AFE63A2-55CC-469C-BF3A-01BC263C873E}.Debug|Any CPU.ActiveCfg = Debug|Any CPU
		{6AFE63A2-55CC-469C-BF3A-01BC263C873E}.Debug|Any CPU.Build.0 = Debug|Any CPU
		{6AFE63A2-55CC-469C-BF3A-01BC263C873E}.Release|Any CPU.ActiveCfg = Release|Any CPU
		{6AFE63A2-55CC-469C-BF3A-01BC263C873E}.Release|Any CPU.Build.0 = Release|Any CPU
		{320A67C1-CE9C-4C85-82FB-BCEE1B91F380}.Debug|Any CPU.ActiveCfg = Debug|Any CPU
		{320A67C1-CE9C-4C85-82FB-BCEE1B91F380}.Debug|Any CPU.Build.0 = Debug|Any CPU
		{320A67C1-CE9C-4C85-82FB-BCEE1B91F380}.Release|Any CPU.ActiveCfg = Release|Any CPU
		{320A67C1-CE9C-4C85-82FB-BCEE1B91F380}.Release|Any CPU.Build.0 = Release|Any CPU
		{4AC10A40-A859-431B-B09D-3969E5D53078}.Debug|Any CPU.ActiveCfg = Debug|Any CPU
		{4AC10A40-A859-431B-B09D-3969E5D53078}.Debug|Any CPU.Build.0 = Debug|Any CPU
		{4AC10A40-A859-431B-B09D-3969E5D53078}.Release|Any CPU.ActiveCfg = Release|Any CPU
		{4AC10A40-A859-431B-B09D-3969E5D53078}.Release|Any CPU.Build.0 = Release|Any CPU
		{B43B27B9-FB73-4970-BB73-25AE34116CBC}.Debug|Any CPU.ActiveCfg = Debug|Any CPU
		{B43B27B9-FB73-4970-BB73-25AE34116CBC}.Debug|Any CPU.Build.0 = Debug|Any CPU
		{B43B27B9-FB73-4970-BB73-25AE34116CBC}.Release|Any CPU.ActiveCfg = Release|Any CPU
		{B43B27B9-FB73-4970-BB73-25AE34116CBC}.Release|Any CPU.Build.0 = Release|Any CPU
	EndGlobalSection
	GlobalSection(SolutionProperties) = preSolution
		HideSolutionNode = FALSE
	EndGlobalSection
	GlobalSection(NestedProjects) = preSolution
		{A1A63DDA-0CFD-456A-9D38-43EA408F44BD} = {D134764B-E0B9-475C-BBC9-41600D88260F}
		{96A874CE-A599-4632-B6AB-D6B8D6D3880B} = {D134764B-E0B9-475C-BBC9-41600D88260F}
		{4DC6492B-ABE5-4081-AF1A-79349F64D933} = {D134764B-E0B9-475C-BBC9-41600D88260F}
		{B3C0F0BA-8E78-45DB-94CF-1F83065EADD1} = {D134764B-E0B9-475C-BBC9-41600D88260F}
		{7EEBA627-9998-41E1-A441-469031388CAF} = {A1A63DDA-0CFD-456A-9D38-43EA408F44BD}
		{F4DCE124-29D4-4FC5-AEDD-77874038D43F} = {A1A63DDA-0CFD-456A-9D38-43EA408F44BD}
		{6AFE63A2-55CC-469C-BF3A-01BC263C873E} = {4DC6492B-ABE5-4081-AF1A-79349F64D933}
		{320A67C1-CE9C-4C85-82FB-BCEE1B91F380} = {4DC6492B-ABE5-4081-AF1A-79349F64D933}
		{4AC10A40-A859-431B-B09D-3969E5D53078} = {96A874CE-A599-4632-B6AB-D6B8D6D3880B}
		{B43B27B9-FB73-4970-BB73-25AE34116CBC} = {B3C0F0BA-8E78-45DB-94CF-1F83065EADD1}
	EndGlobalSection
	GlobalSection(ExtensibilityGlobals) = postSolution
		SolutionGuid = {463FB762-C2F0-4AFE-B228-8D43549C049B}
	EndGlobalSection
EndGlobal
